version = 1
revision = 1
requires-python = ">=3.10"

[[package]]
name = "binary-file-parser"
version = "0.3.8a3"
source = { registry = "https://pypi.org/simple" }
sdist = { url = "https://files.pythonhosted.org/packages/86/08/8a26d3313c1b03d7a16cfb064de8aa055eb65dc795b74df99524a5b3ae92/binary_file_parser-0.3.8a3.tar.gz", hash = "sha256:6854292b478c5957a0af27a74cfc100bc455a4babce19036c234012e985c9467", size = 160361 }
wheels = [
    { url = "https://files.pythonhosted.org/packages/dc/62/d3cde07ba42d8fff78714351b7a03d608a721589c9bb45630cee9a8c94aa/binary_file_parser-0.3.8a3-cp310-cp310-macosx_10_12_x86_64.whl", hash = "sha256:a9ddb725bfdd4f576f12031a73bd1b4b524e2cfeb6628e33144a7c5018c29746", size = 1022790 },
    { url = "https://files.pythonhosted.org/packages/a7/c2/53151b9cfbaa5582e787df11f9bd248044bd3c8f5d3e5139c18329b966e0/binary_file_parser-0.3.8a3-cp310-cp310-macosx_11_0_arm64.whl", hash = "sha256:7423621f666ec2548883ee9116ee229c483a57021150078404702c633ca648ce", size = 971589 },
    { url = "https://files.pythonhosted.org/packages/83/24/b41eae2aee987d358e22f7c1a5c8147875f60ad06c954e2239d514742718/binary_file_parser-0.3.8a3-cp310-cp310-manylinux_2_12_i686.manylinux2010_i686.whl", hash = "sha256:862d4fec6999114e68d06c09d43116c9be28d677b46a422531cb41ad63954ddc", size = 1045612 },
    { url = "https://files.pythonhosted.org/packages/19/5a/3abdbaf48f20c33eb808fee92f47ae432ed771dda916c8eb0228c57727a0/binary_file_parser-0.3.8a3-cp310-cp310-manylinux_2_17_aarch64.manylinux2014_aarch64.whl", hash = "sha256:1d266dce3bb1257af2749e59a0c9e1a27ed91be1ba8b85a759ef29527ef27d2f", size = 1007181 },
    { url = "https://files.pythonhosted.org/packages/44/cc/8e9be679aa60933457e9baf46aaa2e98c9544a0691dc086bf25e65614ec7/binary_file_parser-0.3.8a3-cp310-cp310-manylinux_2_17_armv7l.manylinux2014_armv7l.whl", hash = "sha256:35297df3aaadf5e4c56118ded18242fd25f500363853215b994c6f6d93e7cc6c", size = 1050658 },
    { url = "https://files.pythonhosted.org/packages/81/32/bc50b8eb28176ff91f323d946a193a026b67160909c558732d70fed327ec/binary_file_parser-0.3.8a3-cp310-cp310-manylinux_2_17_ppc64le.manylinux2014_ppc64le.whl", hash = "sha256:46ab21a710cb64be1da8b72da33cf3309d77646ee4477c036757018c1ba6e78a", size = 1083922 },
    { url = "https://files.pythonhosted.org/packages/d4/11/a7fada9f5d01a706fbbf5d5624543520d7e1b46787884eef883509904cd0/binary_file_parser-0.3.8a3-cp310-cp310-manylinux_2_17_s390x.manylinux2014_s390x.whl", hash = "sha256:8661debe59c32c8bccd028a31a4d7a311bd2a083371293e09f2791eb7d7b5392", size = 1115537 },
    { url = "https://files.pythonhosted.org/packages/1b/08/676360839be492ba487015354f34091082a0119bf1a4bcdd77cfafeab613/binary_file_parser-0.3.8a3-cp310-cp310-manylinux_2_17_x86_64.manylinux2014_x86_64.whl", hash = "sha256:1c717617f261a8d07f23234782f11997de61db443eae0255a084cce58d6376cd", size = 1033612 },
    { url = "https://files.pythonhosted.org/packages/92/ac/b430a7fb1649132f30a25bb7a42ee8414c25d1fe60455296b5b56d7c9160/binary_file_parser-0.3.8a3-cp310-cp310-musllinux_1_2_aarch64.whl", hash = "sha256:28eb1906d0a6349a6038adc16b8fdad1a0f1a0d78543b122e7e99c664956cefb", size = 1182496 },
    { url = "https://files.pythonhosted.org/packages/52/bd/36e80e7803da1555d7180c13d1a3a040c4f8d030e024ce7a3d5b395e34d7/binary_file_parser-0.3.8a3-cp310-cp310-musllinux_1_2_armv7l.whl", hash = "sha256:bb9de3d24a2848cbf86dc5891b85d0c150bb15d4d05e5a116511f8fdaeb53e51", size = 1312498 },
    { url = "https://files.pythonhosted.org/packages/03/ac/1cac3bde0c2a2fa8cbda048c0921110329a4009029215299358a4c92d46e/binary_file_parser-0.3.8a3-cp310-cp310-musllinux_1_2_i686.whl", hash = "sha256:36c257b63df2dba9aba48bb4cb63fc5886b99dc47ab4b8b38edcce938fd0ff36", size = 1208298 },
    { url = "https://files.pythonhosted.org/packages/05/92/bfc44bfe7c1dd64fad61e5a41503536863187a1389dd0fb5e758937c0506/binary_file_parser-0.3.8a3-cp310-cp310-musllinux_1_2_x86_64.whl", hash = "sha256:6f6c1ddddc4ed3aa7fa9c8a21f4116bb20bd38a25a644f52b9fce892c8bbb513", size = 1202703 },
    { url = "https://files.pythonhosted.org/packages/7b/1e/0c8f09b6bfb1f02478c30b74a6be04935b2297077fcf058fe318c398ce13/binary_file_parser-0.3.8a3-cp310-cp310-win32.whl", hash = "sha256:f6dede7696d3fd5b00be8af1a60294745a9b5f504ebd581d4d92aad06ef479aa", size = 805547 },
    { url = "https://files.pythonhosted.org/packages/72/4c/a6ee7ae66e2ec6cf8dc1cdf9471e12f90e35bcba4b8cf3ab3f489894e513/binary_file_parser-0.3.8a3-cp310-cp310-win_amd64.whl", hash = "sha256:d673126281c4aefbc198eeea7ce23af4891ac0910948afe92ea7cd2c7fb678a7", size = 880754 },
    { url = "https://files.pythonhosted.org/packages/16/d2/a60e18f048df2ec9110e413ae9792dad63b739a822b01c709a7fbacdb6fe/binary_file_parser-0.3.8a3-cp311-cp311-macosx_10_12_x86_64.whl", hash = "sha256:8db47bf8e20af0065f6d687e56d35f431b8a904b14a87a1265945824a752c1e9", size = 1022760 },
    { url = "https://files.pythonhosted.org/packages/27/44/c41c856c8bbcf49d19bef917ed120fa813f8df3bec47b7a8e5288f2b9fa6/binary_file_parser-0.3.8a3-cp311-cp311-macosx_11_0_arm64.whl", hash = "sha256:b055440e44c763995be841b902ef30c058526ee3969350c9db116886b541df48", size = 971553 },
    { url = "https://files.pythonhosted.org/packages/18/a8/769a18a5a3fa89a5423e7f80ea54126048b454149569e206292e923943fb/binary_file_parser-0.3.8a3-cp311-cp311-manylinux_2_12_i686.manylinux2010_i686.whl", hash = "sha256:a4b343db143875e007f2b6911a9318c7eaa5a58d118c23e5b02288c16b83a13a", size = 1045288 },
    { url = "https://files.pythonhosted.org/packages/0b/6b/2bdba4326db6406b4852ece294fcc6f83c0670c290d42d77e6f6db311355/binary_file_parser-0.3.8a3-cp311-cp311-manylinux_2_17_aarch64.manylinux2014_aarch64.whl", hash = "sha256:7dc02f098d98745f2ff3db9f3044e9df777499a8d7761da49698f227d52c0c04", size = 1007160 },
    { url = "https://files.pythonhosted.org/packages/7f/a9/3c5c273f571e5f51bc4c5cc0bfaf80786b76c5f5b77dee5df32e6e310c99/binary_file_parser-0.3.8a3-cp311-cp311-manylinux_2_17_armv7l.manylinux2014_armv7l.whl", hash = "sha256:1e1485f4927ecf360d16e4bf88b0cfc928cd99e5c07909084ea5be910de6828b", size = 1050515 },
    { url = "https://files.pythonhosted.org/packages/9e/16/931e972274403dcd9a17dfb6c6cd495869829256bdf42cf4a63cfe657368/binary_file_parser-0.3.8a3-cp311-cp311-manylinux_2_17_ppc64le.manylinux2014_ppc64le.whl", hash = "sha256:86109d2ffffe3db296d9af250b03a1837e406852c9a80bfb6d15b0b28ae25533", size = 1083898 },
    { url = "https://files.pythonhosted.org/packages/dc/54/0027c7f2e297733b0ee836e467086a5c560d06f6451c8e3116cd25dd4a21/binary_file_parser-0.3.8a3-cp311-cp311-manylinux_2_17_s390x.manylinux2014_s390x.whl", hash = "sha256:5a4aedc13d62fd75dd5f27a892c2afac58a24728cb2711589d0ee4e1c8e57707", size = 1115466 },
    { url = "https://files.pythonhosted.org/packages/7d/26/4bd9455d82249efd0832178b9ee012211e2be5bc0615d0082d344ed5e7df/binary_file_parser-0.3.8a3-cp311-cp311-manylinux_2_17_x86_64.manylinux2014_x86_64.whl", hash = "sha256:deaea088a2e1b18227d1e119605038a16116f1f4cb67982b23608e237370ed40", size = 1033522 },
    { url = "https://files.pythonhosted.org/packages/7e/18/8c0e8520f9d95c69c6ff056c818702cfcd6f87c6c6745385fd5907726640/binary_file_parser-0.3.8a3-cp311-cp311-musllinux_1_2_aarch64.whl", hash = "sha256:04c682d02cfb36efa3fe74c02bd9abe309c13dffe47ed1065eaaf75201018e94", size = 1182495 },
    { url = "https://files.pythonhosted.org/packages/f0/06/3bdc8a881a66209965fb4956e068346350e4a616d902e227db8cf980cd87/binary_file_parser-0.3.8a3-cp311-cp311-musllinux_1_2_armv7l.whl", hash = "sha256:3b2765499ef6478168a0acea5ccf97fc14dbc222d8a0b2a5c08bf679c5da08b8", size = 1312474 },
    { url = "https://files.pythonhosted.org/packages/1f/75/7f37559d64bf9641c7897444d6f0f3791f830b95d445f4bf3bf2872913fd/binary_file_parser-0.3.8a3-cp311-cp311-musllinux_1_2_i686.whl", hash = "sha256:4bd549d0d3998628facf019777ce29aa63936eb7f54f1ce0fc123baa0e3e0a9c", size = 1208048 },
    { url = "https://files.pythonhosted.org/packages/90/40/3a277c22ad824695791b6b277a32f687d0ff966fadcc149bd0fe6f68f2d3/binary_file_parser-0.3.8a3-cp311-cp311-musllinux_1_2_x86_64.whl", hash = "sha256:7ae9cd169da066faf465b11759c4888c150220847e5d15b5980d42ff59562d8f", size = 1202537 },
    { url = "https://files.pythonhosted.org/packages/5b/a0/bbb78f02ad7e46db2c241c9504cfd092e5e7f8e60471c5a4586c31f7b88a/binary_file_parser-0.3.8a3-cp311-cp311-win32.whl", hash = "sha256:a6cd3507ba8799cc14d7c9018dd899fe1527cd88bfe1324ed7250ef4c3022ac9", size = 805452 },
    { url = "https://files.pythonhosted.org/packages/b6/7b/fba3bba38210de2711b8c40ffbd135fc76ef01a4b7ccce4b8366d8257e9f/binary_file_parser-0.3.8a3-cp311-cp311-win_amd64.whl", hash = "sha256:3173d2ae176b47f26a333cb220855e1a5301efa9fd421b6e18eca2db01571283", size = 880424 },
    { url = "https://files.pythonhosted.org/packages/17/79/0250531c22bbc19515671fe6a99e90341236bc2d71d698f94fccec89f3af/binary_file_parser-0.3.8a3-cp312-cp312-macosx_10_12_x86_64.whl", hash = "sha256:ee0f914f2114bca6b5fca8d36e00b9cf9583d44250ba1acca3f7f05d0fb3fc60", size = 1024500 },
    { url = "https://files.pythonhosted.org/packages/d0/eb/ba4355763c83fbefc4c96eb97eae5e90695b769517b05d70521844454862/binary_file_parser-0.3.8a3-cp312-cp312-macosx_11_0_arm64.whl", hash = "sha256:4c3010df8b3bc9a139607f274c35e124609d6a7b0a3421d44fe2c4589902e6a8", size = 976633 },
    { url = "https://files.pythonhosted.org/packages/bb/c7/16b27e80b0ab9806d5e7d3e0314300408d2a3aea3158c9cc9fe40588f715/binary_file_parser-0.3.8a3-cp312-cp312-manylinux_2_12_i686.manylinux2010_i686.whl", hash = "sha256:acf532c2c131f788085067037e66947bf3cf46b2cc0e42687898c0037db6a024", size = 1049603 },
    { url = "https://files.pythonhosted.org/packages/b9/da/137a2d8041fd137e575d4e6090930a1b3189618ca8be73d7592e2c4eee8a/binary_file_parser-0.3.8a3-cp312-cp312-manylinux_2_17_aarch64.manylinux2014_aarch64.whl", hash = "sha256:fee3139f32004a75a9cb2dc3261cc2bce0dc793b8a6ab14ef631df752b46b1a9", size = 1009850 },
    { url = "https://files.pythonhosted.org/packages/dc/74/2899a4e9e1f07966fc1aeb4765c9982416c2247bf4878ce92016e2cb4c46/binary_file_parser-0.3.8a3-cp312-cp312-manylinux_2_17_armv7l.manylinux2014_armv7l.whl", hash = "sha256:72b678c5abd18a7137150d6ef36e6bbfb7fbbd612ce6b7807d78fc7e11786080", size = 1054108 },
    { url = "https://files.pythonhosted.org/packages/32/97/83178e854ee1861c347e4c0d07411f630f243289c066131cca45cdfa53b5/binary_file_parser-0.3.8a3-cp312-cp312-manylinux_2_17_ppc64le.manylinux2014_ppc64le.whl", hash = "sha256:92687d20f58c87ffab071e4a63cf75df262ff25340468cb5fcc606e78f03c949", size = 1085232 },
    { url = "https://files.pythonhosted.org/packages/9d/81/7241e29ca8c48bb3e775f2064d7f7692137e93de65595366c6c8b87106ae/binary_file_parser-0.3.8a3-cp312-cp312-manylinux_2_17_s390x.manylinux2014_s390x.whl", hash = "sha256:533a866513c26d22a86339f0ca2b6fd1c899ec58b9621aeff6687e203a7716d9", size = 1103989 },
    { url = "https://files.pythonhosted.org/packages/5b/28/c4d2454b12f831d26b99239a7037cf415b05b2a97e81eb1d5b34996e1186/binary_file_parser-0.3.8a3-cp312-cp312-manylinux_2_17_x86_64.manylinux2014_x86_64.whl", hash = "sha256:b9badceda3592c992daf2bb3f78c9dba48070e145a7f79575a5fff062c0536da", size = 1039803 },
    { url = "https://files.pythonhosted.org/packages/28/ad/b8269ba2ec03e590062bfa519ee904dc9d46d8e11906889ce29e0119477b/binary_file_parser-0.3.8a3-cp312-cp312-musllinux_1_2_aarch64.whl", hash = "sha256:db6c8a7f1b3ecf89bc463781741683d3059cbe89f792c266099fb00a4dd11e5c", size = 1186931 },
    { url = "https://files.pythonhosted.org/packages/4a/61/5e6aabaf7569b666093801e6570afd0efe6641aea1a8b4ea71c93d5ced23/binary_file_parser-0.3.8a3-cp312-cp312-musllinux_1_2_armv7l.whl", hash = "sha256:e73ac17ac3235d2d292b256ed2add454252fed1aed33ae35d7991d1f5fc55562", size = 1315925 },
    { url = "https://files.pythonhosted.org/packages/f7/49/87d4f0b3ab07ad2dd7778b4e004e6b79872812b4129a2bbb41b4e62705ae/binary_file_parser-0.3.8a3-cp312-cp312-musllinux_1_2_i686.whl", hash = "sha256:cef38c8c9e057d8389ee9254e3e27314121ccffea92398a15be9698c8ce19cd2", size = 1210985 },
    { url = "https://files.pythonhosted.org/packages/d5/0a/4578e01f1ce253cba0541243e716881dd6913f7a1d032122c441917b5e8b/binary_file_parser-0.3.8a3-cp312-cp312-musllinux_1_2_x86_64.whl", hash = "sha256:fa6fbdae3a015182e2f2690fc17cc3a7ae7e40bfe46384f9d1388dc892760a1a", size = 1209733 },
    { url = "https://files.pythonhosted.org/packages/8c/9a/fb423e2ca97b384ddb272c27ad336360db6ee49190a3d01ae1a3382756ec/binary_file_parser-0.3.8a3-cp312-cp312-win32.whl", hash = "sha256:2138324d1950a038ca5359d85cb857a34048354c35cbfeea1ff60272f74edaeb", size = 803564 },
    { url = "https://files.pythonhosted.org/packages/cf/d6/bbdc6b329cbca0ba62fd5e1ebfd84e7cba4257528338948f6f37b4f1272d/binary_file_parser-0.3.8a3-cp312-cp312-win_amd64.whl", hash = "sha256:9b5a0f9cb20c6430a1d0c5eacf43223ea2b075ad837f7b779fc5213cb1fdc05e", size = 876422 },
    { url = "https://files.pythonhosted.org/packages/e4/9e/4dd130a5c05fd09f71ca6cfd88db3ae7e180ba37c3a85500e539928de598/binary_file_parser-0.3.8a3-cp313-cp313-macosx_10_12_x86_64.whl", hash = "sha256:cb14209e08d1b0a823e7618a5c69327c9112406498151aeccf571cfea94b5542", size = 1023151 },
    { url = "https://files.pythonhosted.org/packages/76/5e/456d99b2e1370cf9351c47d6f351527d97c672e328976e84bc59436c5b0b/binary_file_parser-0.3.8a3-cp313-cp313-macosx_11_0_arm64.whl", hash = "sha256:e53f2746122cac1935f31047249cbd2d5670fc6ea818fb11857b5a0ad028e13c", size = 975791 },
    { url = "https://files.pythonhosted.org/packages/f3/52/2355092d77f9e96bcdd0b3e00a2e4daec6d58c4ca044468caa9dc94eeaee/binary_file_parser-0.3.8a3-cp313-cp313-manylinux_2_12_i686.manylinux2010_i686.whl", hash = "sha256:ae1ad67542ae52d1f5fbaad9859e9eff8296392f14f573fefb79842fbd7206dd", size = 1048286 },
    { url = "https://files.pythonhosted.org/packages/1a/a5/8d9889a955124b4b536f045ebef27f3b20361a063b6546196deadafa7e5e/binary_file_parser-0.3.8a3-cp313-cp313-manylinux_2_17_aarch64.manylinux2014_aarch64.whl", hash = "sha256:77437fe77c654072350cac12030aaf40abf44e03092800cce577ff08c3eeaec5", size = 1009062 },
    { url = "https://files.pythonhosted.org/packages/b5/f2/f6a63c1dd826c53bb5c1f4accf3a9407a2b21ce441f1bb95f72334fac4aa/binary_file_parser-0.3.8a3-cp313-cp313-manylinux_2_17_armv7l.manylinux2014_armv7l.whl", hash = "sha256:84a412d10c01b01f26dfd0a0d7d45cd4fa34875bef7361b6818e0e0588336c9e", size = 1053175 },
    { url = "https://files.pythonhosted.org/packages/83/c7/c0836d4fb5d1d6c349925e449b6c9202501b4c60562f2a23819a6322a1e4/binary_file_parser-0.3.8a3-cp313-cp313-manylinux_2_17_ppc64le.manylinux2014_ppc64le.whl", hash = "sha256:1a224072d5707409e4e154ae2534080ec64ac4e1f566e652107c7af70fb621f2", size = 1083942 },
    { url = "https://files.pythonhosted.org/packages/e2/82/41f9b74851fdad8ff7941d8e098f2a241186955f91b2f91f4b40cbabfffa/binary_file_parser-0.3.8a3-cp313-cp313-manylinux_2_17_s390x.manylinux2014_s390x.whl", hash = "sha256:0f26c2263396ca6d7b203ebe4ddda4d2f6aada45d2629ff159b08b783f8e2903", size = 1102596 },
    { url = "https://files.pythonhosted.org/packages/05/a8/2bd0acf60fc7f45dd58bc12818ef7cce0e5504609695167b3731b547587e/binary_file_parser-0.3.8a3-cp313-cp313-manylinux_2_17_x86_64.manylinux2014_x86_64.whl", hash = "sha256:4c09f7843a767723c53a29354b34da46aad50dc3bd542fc1df65abe94dad5116", size = 1038369 },
    { url = "https://files.pythonhosted.org/packages/1b/b8/e6d8cbd0e8bd1a8623ad60b4344ebf9641a39d2bc1f1a05546e4b4a6a6fd/binary_file_parser-0.3.8a3-cp313-cp313-musllinux_1_2_aarch64.whl", hash = "sha256:a2bb43ae708ba9906e1c747128c1eb7727ec5b36579e1e4faef7b5afc05737be", size = 1185445 },
    { url = "https://files.pythonhosted.org/packages/2c/1f/7c1ea74db57c899f5e28724f34d565b939873e4ea57ff365ef2b9436cfe0/binary_file_parser-0.3.8a3-cp313-cp313-musllinux_1_2_armv7l.whl", hash = "sha256:ded31c7569b7223fad30d8a043448f983135d035b59277468f734e776650e520", size = 1315133 },
    { url = "https://files.pythonhosted.org/packages/ed/ba/be3832e702d55db7759b3dc7c2dec7f0e12eda1bf918d83f43e98d07fd85/binary_file_parser-0.3.8a3-cp313-cp313-musllinux_1_2_i686.whl", hash = "sha256:6254077f120f0e52f0cde6a708c3f478ae4ba3609613f354b01f73e6c99017e5", size = 1209752 },
    { url = "https://files.pythonhosted.org/packages/5c/63/5fc8baec58f5f62f117eee8bcb41ab4950f1b4ff1b07c09db9592627541b/binary_file_parser-0.3.8a3-cp313-cp313-musllinux_1_2_x86_64.whl", hash = "sha256:03e11d217d903687fc5a35668943751d355daee8e2c51cee669d93ec93bbcfbc", size = 1207853 },
    { url = "https://files.pythonhosted.org/packages/9d/a2/39bc1bb8d126c88b397c7fbef1d09c99d71121bc913f2d0aeede69eeb7b9/binary_file_parser-0.3.8a3-cp313-cp313-win32.whl", hash = "sha256:2f608e27204288c25d674572c8a2554aba61f23a3ba202db40807a0b94bc3b19", size = 802243 },
    { url = "https://files.pythonhosted.org/packages/d3/51/e1ba9d2daa5e2c7d121c30a06a1f784e03a0bcdb68c105118c8b2a035be2/binary_file_parser-0.3.8a3-cp313-cp313-win_amd64.whl", hash = "sha256:fd371f6caf7219469156ebd0b8b0b4f1ce88b53e8be078194e007fc21161e785", size = 875541 },
]

[[package]]
name = "genie-dat-parser"
version = "0.1.0"
source = { virtual = "." }
dependencies = [
    { name = "binary-file-parser" },
    { name = "zlib-ng" },
]

[package.metadata]
requires-dist = [
    { name = "binary-file-parser", specifier = ">=0.3.8a3" },
    { name = "zlib-ng", specifier = ">=0.5.1" },
]

[[package]]
name = "zlib-ng"
version = "0.5.1"
source = { registry = "https://pypi.org/simple" }
sdist = { url = "https://files.pythonhosted.org/packages/c4/a7/0b7673be5945071e99364a3ac1987b02fc1d416617e97f3e8816d275174e/zlib_ng-0.5.1.tar.gz", hash = "sha256:32a46649e8efc21ddd74776a55366a8d8be4e3a95b93dc1f0ffe3880718990d9", size = 2436421 }
wheels = [
    { url = "https://files.pythonhosted.org/packages/65/17/ca5708e971057170fe87f2c1b339508306f3756c8f316a9fc7eec502d5ed/zlib_ng-0.5.1-cp310-cp310-macosx_10_9_x86_64.whl", hash = "sha256:ea0b07ff83e253d83e25113fc81f695b9161882de3a65d547ab96f394cf03f5c", size = 99129 },
    { url = "https://files.pythonhosted.org/packages/eb/b2/ea991f6668fff6f704010ac9450a94a40d10def8686fc46392e29408ee38/zlib_ng-0.5.1-cp310-cp310-macosx_11_0_arm64.whl", hash = "sha256:1be5a5513876cd0a071bbb0fc333eb00bc9c25399f2b863e329dfe6ac4cf6455", size = 91229 },
    { url = "https://files.pythonhosted.org/packages/f6/bf/4154fbd9a524219245bcb038421432a1529256de8e412eb3fa3a3a85f95e/zlib_ng-0.5.1-cp310-cp310-manylinux_2_17_aarch64.manylinux2014_aarch64.whl", hash = "sha256:bcc37f32477747bbf68073ca54f277ef09d320fb50d7634e66db72f7221c9881", size = 98732 },
    { url = "https://files.pythonhosted.org/packages/b2/ad/a5d81fa47cb56f2087a62df531080bfd1f13aedfa67f9a1adfeb3c30ca5d/zlib_ng-0.5.1-cp310-cp310-manylinux_2_17_x86_64.manylinux2014_x86_64.whl", hash = "sha256:030d6cead51bb5a38826fca1bd4bd2cec927bb949c3eefb004aa4fc55af5cfe7", size = 108147 },
    { url = "https://files.pythonhosted.org/packages/9b/fd/e14bbe5f9d6a4416dadc515bee7bda144dc40d10dee7f5f97a178ae7f1f3/zlib_ng-0.5.1-cp310-cp310-musllinux_1_2_aarch64.whl", hash = "sha256:6cd0fd5f1a84249cc78c2a7746289c66e1dbbc40c1eded91c1e09a5dc6d8d02b", size = 99827 },
    { url = "https://files.pythonhosted.org/packages/50/ad/d437a98091b3ddeac5a9541e1b872fb66e1017e96817927f8b60bf4bf2bb/zlib_ng-0.5.1-cp310-cp310-musllinux_1_2_x86_64.whl", hash = "sha256:5ecab68fefad5ac233e4a0bfa0e401ed9897f5e950bad4dee31dfb53be10fa24", size = 109517 },
    { url = "https://files.pythonhosted.org/packages/0a/ce/363ce793ef489d0028c910b9ffe6bb82f9c4f5a26fd9409c17dffa80d1c2/zlib_ng-0.5.1-cp310-cp310-win_amd64.whl", hash = "sha256:12307a1f69aa983287957b37e0fbf629a0d803e8fca791b27d2ef143e306fda0", size = 88543 },
    { url = "https://files.pythonhosted.org/packages/6b/7e/5e668d1b15a4dad35eac2d298c756c2a571963a47d46631537484510ab83/zlib_ng-0.5.1-cp311-cp311-macosx_10_9_x86_64.whl", hash = "sha256:4178acbe1f6ed313626d7b6463e13f2c32be67fed055ce404d5d4b2ab9b4fc4f", size = 99131 },
    { url = "https://files.pythonhosted.org/packages/f8/17/a1b64f8d9bbbc0af6054fdf70c8efbce835acc8a280beb9d1083fff4dfd7/zlib_ng-0.5.1-cp311-cp311-macosx_11_0_arm64.whl", hash = "sha256:2b8d32a1c296f72e455784ed594c67c9a55e90bd036b4e2ef6621263ec37a481", size = 91232 },
    { url = "https://files.pythonhosted.org/packages/96/78/b06f95aa0ba5b8d714a333309a73bd386e236811939a13b3d386037f5beb/zlib_ng-0.5.1-cp311-cp311-manylinux_2_17_aarch64.manylinux2014_aarch64.whl", hash = "sha256:8082762fd90ee71ccb8afc80f077aa34a5c7d3822a7fa1db9fccc0a0bc0815ba", size = 98732 },
    { url = "https://files.pythonhosted.org/packages/dd/7a/a94df91d7eb6f0d736175226d0cf410121e2a7c3bf1445db7969a8549b20/zlib_ng-0.5.1-cp311-cp311-manylinux_2_17_x86_64.manylinux2014_x86_64.whl", hash = "sha256:0aa641675f5cd3737c1d9d4ba3e0395308516afb41a097da61a786e4d7a6faa1", size = 108157 },
    { url = "https://files.pythonhosted.org/packages/73/63/4622b8fbc8d82b44132ffbd3cd85645c1e8e7eb1bc0a7c57c2eb007b9043/zlib_ng-0.5.1-cp311-cp311-musllinux_1_2_aarch64.whl", hash = "sha256:8a0ccc5cd3c47d85ec1d1f245a608e51ac0bab80f9b24544ef1117126db1c226", size = 99834 },
    { url = "https://files.pythonhosted.org/packages/57/e3/537ed1f755f93c1d2873e781131fd6e114878caa9aeb55f22d4cc1790f21/zlib_ng-0.5.1-cp311-cp311-musllinux_1_2_x86_64.whl", hash = "sha256:19eeddb988f6d76e8031ab8aab1dcc03f13abd308ccc16d79b852d3b8057b5cd", size = 109520 },
    { url = "https://files.pythonhosted.org/packages/b9/84/fd060491cb074da705168f40d94db121a885879316eede3a128dea4051c1/zlib_ng-0.5.1-cp311-cp311-win_amd64.whl", hash = "sha256:086d8ecbbe596fc2bacd52979548950ee48f61d294a1c8a1ea091afc14927e09", size = 88545 },
    { url = "https://files.pythonhosted.org/packages/58/4a/2f2f1b4f5b607bdd09683f1c597de49daf696cbd4c0949fd886a7b35f275/zlib_ng-0.5.1-cp312-cp312-macosx_10_13_x86_64.whl", hash = "sha256:5c5d5cab84a51f6373a4be4b7d0c8e7b25242820e5a2857da338a84c6616e9b8", size = 99395 },
    { url = "https://files.pythonhosted.org/packages/2b/8d/6eeab2683050d2e3c978a519ce318d5dd852b8e4a73f476182f8cd67e58d/zlib_ng-0.5.1-cp312-cp312-macosx_11_0_arm64.whl", hash = "sha256:c347663989f3d3d7bb3a635da893c8a90b20b1f3edaaedb037638de3a50c8ab3", size = 91406 },
    { url = "https://files.pythonhosted.org/packages/d3/6c/e3bcb9a95a523af53a6678cb45592239d0c5c10849901b5df6efd5f795ee/zlib_ng-0.5.1-cp312-cp312-manylinux_2_17_aarch64.manylinux2014_aarch64.whl", hash = "sha256:9a951c202086a004bbc9bbfa000f19a8436a3b064257981b2140c7baa0d5a6c0", size = 98762 },
    { url = "https://files.pythonhosted.org/packages/b2/21/d036c34cad733dde2b4906817c7a819ba4b519bae0494a5a5511a0f1a667/zlib_ng-0.5.1-cp312-cp312-manylinux_2_17_x86_64.manylinux2014_x86_64.whl", hash = "sha256:a10b2da0890afce007d71277fb5429f563b0e1bbbda7bd91d4e156658d79a0b7", size = 108315 },
    { url = "https://files.pythonhosted.org/packages/22/bb/e3a39e1aed1cd9990cf808792db1109ca9b13d58a0fdcae91acda18dc16d/zlib_ng-0.5.1-cp312-cp312-musllinux_1_2_aarch64.whl", hash = "sha256:dccd1134ecffa7b7f33ba54432ea0ef431348fd1493387bb2d06f0fc0be686e4", size = 99959 },
    { url = "https://files.pythonhosted.org/packages/cd/4a/bd73034f2a675ace3f5f449c2911a20e9eb71b373df8c58bf31fc03215c7/zlib_ng-0.5.1-cp312-cp312-musllinux_1_2_x86_64.whl", hash = "sha256:54e6797933adf61f59d77485c781c30ab16abc7a293642f8563086a9613ee8f1", size = 109816 },
    { url = "https://files.pythonhosted.org/packages/df/c4/c0c8ef0d741e839bd5e4aa9f1b51dfa75e29ebec6c31b10d09c8401e64d4/zlib_ng-0.5.1-cp312-cp312-win_amd64.whl", hash = "sha256:51474eedebb9a3f173bcaf7c2c05284045be1cf7daf55d8506f2cfadb66366a9", size = 88708 },
    { url = "https://files.pythonhosted.org/packages/4c/88/b80a96eeaa41d3f5cd94d8010a1bcc55421257e3e2b507b2a4d16d894758/zlib_ng-0.5.1-cp313-cp313-macosx_10_13_x86_64.whl", hash = "sha256:26aa95c53e16dcb24d26f5434627e0edc779aa7857be38058c7d9fbbbf9ca9f6", size = 99403 },
    { url = "https://files.pythonhosted.org/packages/3d/b1/8ac15b749af15c95d362da73d18640ec014a2c5ba7005a2bafab7d7d1c7a/zlib_ng-0.5.1-cp313-cp313-macosx_11_0_arm64.whl", hash = "sha256:9827b85093066afb1b3f8c3a662e2f6953bd1c07e7ae70a558ea6b8adcc898b9", size = 91395 },
    { url = "https://files.pythonhosted.org/packages/1f/89/03e911f91bc20d89854e302a8b01c4781b7e2d7c5214b705945f793df98a/zlib_ng-0.5.1-cp313-cp313-manylinux_2_17_aarch64.manylinux2014_aarch64.whl", hash = "sha256:e19469536b5e87bf9e4f11ae1e83024b2a9fa03f251f40e63fb6e4fd4e9f5265", size = 98748 },
    { url = "https://files.pythonhosted.org/packages/fb/32/29dede3b785a3064e1773045df124ac6c93d1e459b157f0b9c6a9fa85c7c/zlib_ng-0.5.1-cp313-cp313-manylinux_2_17_x86_64.manylinux2014_x86_64.whl", hash = "sha256:ace2898396a3bf4773693bc22e4f1659274551cb162335f2cae6df425b397292", size = 108307 },
    { url = "https://files.pythonhosted.org/packages/e3/74/3a03409e28ac39bf3290eb2ad47e784d6b74ebcc9b3be2d7584f5e6a8248/zlib_ng-0.5.1-cp313-cp313-musllinux_1_2_aarch64.whl", hash = "sha256:49119be5d677fe78b6841944e78ab8afbc9b65ac7e2d1d32666f0ce1e4fa39d9", size = 99949 },
    { url = "https://files.pythonhosted.org/packages/c0/40/f33104245e3600e747fba87d77e3bb0a201776126f88373111d76f06aa50/zlib_ng-0.5.1-cp313-cp313-musllinux_1_2_x86_64.whl", hash = "sha256:9f8bc77bbe43745e558d7a868d216826f7d8c64146111067fb7bc039df10f744", size = 109802 },
    { url = "https://files.pythonhosted.org/packages/9c/77/d265078b9001ff67ecc93953d6afc87a6986f5e956de55113bb761aea785/zlib_ng-0.5.1-cp313-cp313-win_amd64.whl", hash = "sha256:677e5894ddc50e5a5ad867992744bd4dd54372afb44c4718c6417924241ddcc5", size = 88703 },
    { url = "https://files.pythonhosted.org/packages/a3/04/78199143aee9128d0e736d67eeea82416b785c5ba1a02debb1224e1991e2/zlib_ng-0.5.1-pp310-pypy310_pp73-macosx_10_15_x86_64.whl", hash = "sha256:4de0cf51d8ce333f8395efb03f5bdb1395657dc79be02391ebbd815fb963ef10", size = 99418 },
    { url = "https://files.pythonhosted.org/packages/6f/72/9daa0d0b85917b758250f43fb542680d5b9196d148b122fd70fd08026eb6/zlib_ng-0.5.1-pp310-pypy310_pp73-macosx_11_0_arm64.whl", hash = "sha256:4333a177e3818c2eb36aa62ca0c7a34010e2f7fbd28bb2f2cee68ce4f2cfcb2e", size = 91067 },
    { url = "https://files.pythonhosted.org/packages/61/78/84624818f5b36d321cbdcf5ef277261f8e82515661ac96a7efc7890c774a/zlib_ng-0.5.1-pp310-pypy310_pp73-manylinux_2_17_aarch64.manylinux2014_aarch64.whl", hash = "sha256:69ed5e4319732988c80d8f85d2171330e14f2f4cbad00f26a191ffcc92a334c3", size = 96225 },
    { url = "https://files.pythonhosted.org/packages/50/14/4720142c602f48a35406c3fa1d098c5785f13af26c8b6cef808555e0c16a/zlib_ng-0.5.1-pp310-pypy310_pp73-manylinux_2_17_x86_64.manylinux2014_x86_64.whl", hash = "sha256:1590c93375c001ff36c66bcc7f1bb2179dc3db9e6d0fa94c3afa5e0f0eef682f", size = 105218 },
    { url = "https://files.pythonhosted.org/packages/67/5b/9a500c7dd10ace3c29f5d6f07cc094f8d7d96d1c7fe2b729e2ae51d4f9b2/zlib_ng-0.5.1-pp310-pypy310_pp73-win_amd64.whl", hash = "sha256:fa5400b8937630a40252fe0b13bb1a190bef9c5b3db7fca1fc6024cf60c0c3b9", size = 88946 },
]
